// !$*UTF8*$!
{
	archiveVersion = 1;
	classes = {
	};
	objectVersion = 46;
	objects = {

/* Begin PBXBuildFile section */
		D31E1D9D1CDF54AD000E5369 /* AppDelegate.swift in Sources */ = {isa = PBXBuildFile; fileRef = D31E1D9C1CDF54AD000E5369 /* AppDelegate.swift */; };
		D31E1D9F1CDF54AD000E5369 /* ExampleViewController.swift in Sources */ = {isa = PBXBuildFile; fileRef = D31E1D9E1CDF54AD000E5369 /* ExampleViewController.swift */; };
		D31E1DA21CDF54AD000E5369 /* Main.storyboard in Resources */ = {isa = PBXBuildFile; fileRef = D31E1DA01CDF54AD000E5369 /* Main.storyboard */; };
		D31E1DA41CDF54AD000E5369 /* Assets.xcassets in Resources */ = {isa = PBXBuildFile; fileRef = D31E1DA31CDF54AD000E5369 /* Assets.xcassets */; };
		D31E1DC91CDF56C0000E5369 /* NotificationView.framework in Frameworks */ = {isa = PBXBuildFile; fileRef = D31E1DC81CDF56C0000E5369 /* NotificationView.framework */; };
		D31E1DCA1CDF56C0000E5369 /* NotificationView.framework in Embed Frameworks */ = {isa = PBXBuildFile; fileRef = D31E1DC81CDF56C0000E5369 /* NotificationView.framework */; settings = {ATTRIBUTES = (CodeSignOnCopy, RemoveHeadersOnCopy, ); }; };
/* End PBXBuildFile section */

/* Begin PBXCopyFilesBuildPhase section */
		D31E1DCB1CDF56C0000E5369 /* Embed Frameworks */ = {
			isa = PBXCopyFilesBuildPhase;
			buildActionMask = 2147483647;
			dstPath = "";
			dstSubfolderSpec = 10;
			files = (
				D31E1DCA1CDF56C0000E5369 /* NotificationView.framework in Embed Frameworks */,
			);
			name = "Embed Frameworks";
			runOnlyForDeploymentPostprocessing = 0;
		};
/* End PBXCopyFilesBuildPhase section */

/* Begin PBXFileReference section */
		D31E1D991CDF54AC000E5369 /* NotificationViewExample.app */ = {isa = PBXFileReference; explicitFileType = wrapper.application; includeInIndex = 0; path = NotificationViewExample.app; sourceTree = BUILT_PRODUCTS_DIR; };
		D31E1D9C1CDF54AD000E5369 /* AppDelegate.swift */ = {isa = PBXFileReference; lastKnownFileType = sourcecode.swift; path = AppDelegate.swift; sourceTree = "<group>"; };
		D31E1D9E1CDF54AD000E5369 /* ExampleViewController.swift */ = {isa = PBXFileReference; lastKnownFileType = sourcecode.swift; path = ExampleViewController.swift; sourceTree = "<group>"; };
		D31E1DA11CDF54AD000E5369 /* Base */ = {isa = PBXFileReference; lastKnownFileType = file.storyboard; name = Base; path = Base.lproj/Main.storyboard; sourceTree = "<group>"; };
		D31E1DA31CDF54AD000E5369 /* Assets.xcassets */ = {isa = PBXFileReference; lastKnownFileType = folder.assetcatalog; path = Assets.xcassets; sourceTree = "<group>"; };
		D31E1DA81CDF54AD000E5369 /* Info.plist */ = {isa = PBXFileReference; lastKnownFileType = text.plist.xml; path = Info.plist; sourceTree = "<group>"; };
		D31E1DC81CDF56C0000E5369 /* NotificationView.framework */ = {isa = PBXFileReference; explicitFileType = wrapper.framework; name = NotificationView.framework; path = "/Users/hongxin/Library/Developer/Xcode/DerivedData/NotificationView-ahsldchmdqxbmgaeoiecxsyckqam/Build/Products/Debug-iphoneos/NotificationView.framework"; sourceTree = "<absolute>"; };
/* End PBXFileReference section */

/* Begin PBXFrameworksBuildPhase section */
		D31E1D961CDF54AC000E5369 /* Frameworks */ = {
			isa = PBXFrameworksBuildPhase;
			buildActionMask = 2147483647;
			files = (
				D31E1DC91CDF56C0000E5369 /* NotificationView.framework in Frameworks */,
			);
			runOnlyForDeploymentPostprocessing = 0;
		};
/* End PBXFrameworksBuildPhase section */

/* Begin PBXGroup section */
		D31E1D901CDF54AC000E5369 = {
			isa = PBXGroup;
			children = (
				D31E1DC81CDF56C0000E5369 /* NotificationView.framework */,
				D31E1D9B1CDF54AD000E5369 /* NotificationViewExample */,
				D31E1D9A1CDF54AC000E5369 /* Products */,
			);
			sourceTree = "<group>";
		};
		D31E1D9A1CDF54AC000E5369 /* Products */ = {
			isa = PBXGroup;
			children = (
				D31E1D991CDF54AC000E5369 /* NotificationViewExample.app */,
			);
			name = Products;
			sourceTree = "<group>";
		};
		D31E1D9B1CDF54AD000E5369 /* NotificationViewExample */ = {
			isa = PBXGroup;
			children = (
				D31E1D9C1CDF54AD000E5369 /* AppDelegate.swift */,
				D31E1D9E1CDF54AD000E5369 /* ExampleViewController.swift */,
				D31E1DA01CDF54AD000E5369 /* Main.storyboard */,
				D31E1DA31CDF54AD000E5369 /* Assets.xcassets */,
				D31E1DA81CDF54AD000E5369 /* Info.plist */,
			);
			path = NotificationViewExample;
			sourceTree = "<group>";
		};
/* End PBXGroup section */

/* Begin PBXNativeTarget section */
		D31E1D981CDF54AC000E5369 /* NotificationViewExample */ = {
			isa = PBXNativeTarget;
			buildConfigurationList = D31E1DAB1CDF54AD000E5369 /* Build configuration list for PBXNativeTarget "NotificationViewExample" */;
			buildPhases = (
				D31E1D951CDF54AC000E5369 /* Sources */,
				D31E1D961CDF54AC000E5369 /* Frameworks */,
				D31E1D971CDF54AC000E5369 /* Resources */,
				D31E1DCB1CDF56C0000E5369 /* Embed Frameworks */,
			);
			buildRules = (
			);
			dependencies = (
			);
			name = NotificationViewExample;
			productName = NotificationView;
			productReference = D31E1D991CDF54AC000E5369 /* NotificationViewExample.app */;
			productType = "com.apple.product-type.application";
		};
/* End PBXNativeTarget section */

/* Begin PBXProject section */
		D31E1D911CDF54AC000E5369 /* Project object */ = {
			isa = PBXProject;
			attributes = {
				LastSwiftUpdateCheck = 0730;
				LastUpgradeCheck = 0800;
				ORGANIZATIONNAME = Teambition;
				TargetAttributes = {
					D31E1D981CDF54AC000E5369 = {
						CreatedOnToolsVersion = 7.3.1;
						LastSwiftMigration = 0800;
					};
				};
			};
			buildConfigurationList = D31E1D941CDF54AC000E5369 /* Build configuration list for PBXProject "NotificationViewExample" */;
			compatibilityVersion = "Xcode 3.2";
			developmentRegion = English;
			hasScannedForEncodings = 0;
			knownRegions = (
				en,
				Base,
			);
			mainGroup = D31E1D901CDF54AC000E5369;
			productRefGroup = D31E1D9A1CDF54AC000E5369 /* Products */;
			projectDirPath = "";
			projectRoot = "";
			targets = (
				D31E1D981CDF54AC000E5369 /* NotificationViewExample */,
			);
		};
/* End PBXProject section */

/* Begin PBXResourcesBuildPhase section */
		D31E1D971CDF54AC000E5369 /* Resources */ = {
			isa = PBXResourcesBuildPhase;
			buildActionMask = 2147483647;
			files = (
				D31E1DA41CDF54AD000E5369 /* Assets.xcassets in Resources */,
				D31E1DA21CDF54AD000E5369 /* Main.storyboard in Resources */,
			);
			runOnlyForDeploymentPostprocessing = 0;
		};
/* End PBXResourcesBuildPhase section */

/* Begin PBXSourcesBuildPhase section */
		D31E1D951CDF54AC000E5369 /* Sources */ = {
			isa = PBXSourcesBuildPhase;
			buildActionMask = 2147483647;
			files = (
				D31E1D9F1CDF54AD000E5369 /* ExampleViewController.swift in Sources */,
				D31E1D9D1CDF54AD000E5369 /* AppDelegate.swift in Sources */,
			);
			runOnlyForDeploymentPostprocessing = 0;
		};
/* End PBXSourcesBuildPhase section */

/* Begin PBXVariantGroup section */
		D31E1DA01CDF54AD000E5369 /* Main.storyboard */ = {
			isa = PBXVariantGroup;
			children = (
				D31E1DA11CDF54AD000E5369 /* Base */,
			);
			name = Main.storyboard;
			sourceTree = "<group>";
		};
/* End PBXVariantGroup section */

/* Begin XCBuildConfiguration section */
		D31E1DA91CDF54AD000E5369 /* Debug */ = {
			isa = XCBuildConfiguration;
			buildSettings = {
				ALWAYS_SEARCH_USER_PATHS = NO;
				CLANG_ANALYZER_NONNULL = YES;
				CLANG_CXX_LANGUAGE_STANDARD = "gnu++0x";
				CLANG_CXX_LIBRARY = "libc++";
				CLANG_ENABLE_MODULES = YES;
				CLANG_ENABLE_OBJC_ARC = YES;
				CLANG_WARN_BOOL_CONVERSION = YES;
				CLANG_WARN_CONSTANT_CONVERSION = YES;
				CLANG_WARN_DIRECT_OBJC_ISA_USAGE = YES_ERROR;
				CLANG_WARN_EMPTY_BODY = YES;
				CLANG_WARN_ENUM_CONVERSION = YES;
				CLANG_WARN_INFINITE_RECURSION = YES;
				CLANG_WARN_INT_CONVERSION = YES;
				CLANG_WARN_OBJC_ROOT_CLASS = YES_ERROR;
				CLANG_WARN_SUSPICIOUS_MOVE = YES;
				CLANG_WARN_UNREACHABLE_CODE = YES;
				CLANG_WARN__DUPLICATE_METHOD_MATCH = YES;
				"CODE_SIGN_IDENTITY[sdk=iphoneos*]" = "iPhone Developer";
				COPY_PHASE_STRIP = NO;
				DEBUG_INFORMATION_FORMAT = dwarf;
				ENABLE_STRICT_OBJC_MSGSEND = YES;
				ENABLE_TESTABILITY = YES;
				GCC_C_LANGUAGE_STANDARD = gnu99;
				GCC_DYNAMIC_NO_PIC = NO;
				GCC_NO_COMMON_BLOCKS = YES;
				GCC_OPTIMIZATION_LEVEL = 0;
				GCC_PREPROCESSOR_DEFINITIONS = (
					"DEBUG=1",
					"$(inherited)",
				);
				GCC_WARN_64_TO_32_BIT_CONVERSION = YES;
				GCC_WARN_ABOUT_RETURN_TYPE = YES_ERROR;
				GCC_WARN_UNDECLARED_SELECTOR = YES;
				GCC_WARN_UNINITIALIZED_AUTOS = YES_AGGRESSIVE;
				GCC_WARN_UNUSED_FUNCTION = YES;
				GCC_WARN_UNUSED_VARIABLE = YES;
				IPHONEOS_DEPLOYMENT_TARGET = 8.0;
				MTL_ENABLE_DEBUG_INFO = YES;
				ONLY_ACTIVE_ARCH = YES;
				SDKROOT = iphoneos;
				SWIFT_OPTIMIZATION_LEVEL = "-Onone";
				TARGETED_DEVICE_FAMILY = "1,2";
			};
			name = Debug;
		};
		D31E1DAA1CDF54AD000E5369 /* Release */ = {
			isa = XCBuildConfiguration;
			buildSettings = {
				ALWAYS_SEARCH_USER_PATHS = NO;
				CLANG_ANALYZER_NONNULL = YES;
				CLANG_CXX_LANGUAGE_STANDARD = "gnu++0x";
				CLANG_CXX_LIBRARY = "libc++";
				CLANG_ENABLE_MODULES = YES;
				CLANG_ENABLE_OBJC_ARC = YES;
				CLANG_WARN_BOOL_CONVERSION = YES;
				CLANG_WARN_CONSTANT_CONVERSION = YES;
				CLANG_WARN_DIRECT_OBJC_ISA_USAGE = YES_ERROR;
				CLANG_WARN_EMPTY_BODY = YES;
				CLANG_WARN_ENUM_CONVERSION = YES;
				CLANG_WARN_INFINITE_RECURSION = YES;
				CLANG_WARN_INT_CONVERSION = YES;
				CLANG_WARN_OBJC_ROOT_CLASS = YES_ERROR;
				CLANG_WARN_SUSPICIOUS_MOVE = YES;
				CLANG_WARN_UNREACHABLE_CODE = YES;
				CLANG_WARN__DUPLICATE_METHOD_MATCH = YES;
				"CODE_SIGN_IDENTITY[sdk=iphoneos*]" = "iPhone Developer";
				COPY_PHASE_STRIP = NO;
				DEBUG_INFORMATION_FORMAT = "dwarf-with-dsym";
				ENABLE_NS_ASSERTIONS = NO;
				ENABLE_STRICT_OBJC_MSGSEND = YES;
				GCC_C_LANGUAGE_STANDARD = gnu99;
				GCC_NO_COMMON_BLOCKS = YES;
				GCC_WARN_64_TO_32_BIT_CONVERSION = YES;
				GCC_WARN_ABOUT_RETURN_TYPE = YES_ERROR;
				GCC_WARN_UNDECLARED_SELECTOR = YES;
				GCC_WARN_UNINITIALIZED_AUTOS = YES_AGGRESSIVE;
				GCC_WARN_UNUSED_FUNCTION = YES;
				GCC_WARN_UNUSED_VARIABLE = YES;
				IPHONEOS_DEPLOYMENT_TARGET = 8.0;
				MTL_ENABLE_DEBUG_INFO = NO;
				SDKROOT = iphoneos;
				SWIFT_OPTIMIZATION_LEVEL = "-Owholemodule";
				TARGETED_DEVICE_FAMILY = "1,2";
				VALIDATE_PRODUCT = YES;
			};
			name = Release;
		};
		D31E1DAC1CDF54AD000E5369 /* Debug */ = {
			isa = XCBuildConfiguration;
			buildSettings = {
				ASSETCATALOG_COMPILER_APPICON_NAME = AppIcon;
				INFOPLIST_FILE = "$(SRCROOT)/NotificationViewExample/Info.plist";
				LD_RUNPATH_SEARCH_PATHS = "$(inherited) @executable_path/Frameworks";
				PRODUCT_BUNDLE_IDENTIFIER = Teambition.NotificationViewExample;
				PRODUCT_NAME = NotificationViewExample;
				SWIFT_VERSION = 3.0;
			};
			name = Debug;
		};
		D31E1DAD1CDF54AD000E5369 /* Release */ = {
			isa = XCBuildConfiguration;
			buildSettings = {
				ASSETCATALOG_COMPILER_APPICON_NAME = AppIcon;
				INFOPLIST_FILE = "$(SRCROOT)/NotificationViewExample/Info.plist";
				LD_RUNPATH_SEARCH_PATHS = "$(inherited) @executable_path/Frameworks";
				PRODUCT_BUNDLE_IDENTIFIER = Teambition.NotificationViewExample;
				PRODUCT_NAME = NotificationViewExample;
				SWIFT_VERSION = 3.0;
			};
			name = Release;
		};
/* End XCBuildConfiguration section */

/* Begin XCConfigurationList section */
		D31E1D941CDF54AC000E5369 /* Build configuration list for PBXProject "NotificationViewExample" */ = {
			isa = XCConfigurationList;
			buildConfigurations = (
				D31E1DA91CDF54AD000E5369 /* Debug */,
				D31E1DAA1CDF54AD000E5369 /* Release */,
			);
			defaultConfigurationIsVisible = 0;
			defaultConfigurationName = Release;
		};
		D31E1DAB1CDF54AD000E5369 /* Build configuration list for PBXNativeTarget "NotificationViewExample" */ = {
			isa = XCConfigurationList;
			buildConfigurations = (
				D31E1DAC1CDF54AD000E5369 /* Debug */,
				D31E1DAD1CDF54AD000E5369 /* Release */,
			);
			defaultConfigurationIsVisible = 0;
			defaultConfigurationName = Release;
		};
/* End XCConfigurationList section */
	};
	rootObject = D31E1D911CDF54AC000E5369 /* Project object */;
}
